
Microsoft Visual Studio Solution File, Format Version 12.00
# Visual Studio Version 16
VisualStudioVersion = 16.0.29728.190
MinimumVisualStudioVersion = 10.0.40219.1
Project("{9A19103F-16F7-4668-BE54-9A1E7A4F7556}") = "EFCore", "EFCore\EFCore.csproj", "{C9F03816-B0B5-4C06-A9D8-77E3F182D86E}"
EndProject
Global
	GlobalSection(SolutionConfigurationPlatforms) = preSolution
		Debug|Any CPU = Debug|Any CPU
		Release|Any CPU = Release|Any CPU
	EndGlobalSection
	GlobalSection(ProjectConfigurationPlatforms) = postSolution
		{C9F03816-B0B5-4C06-A9D8-77E3F182D86E}.Debug|Any CPU.ActiveCfg = Debug|Any CPU
		{C9F03816-B0B5-4C06-A9D8-77E3F182D86E}.Debug|Any CPU.Build.0 = Debug|Any CPU
		{C9F03816-B0B5-4C06-A9D8-77E3F182D86E}.Release|Any CPU.ActiveCfg = Release|Any CPU
		{C9F03816-B0B5-4C06-A9D8-77E3F182D86E}.Release|Any CPU.Build.0 = Release|Any CPU
	EndGlobalSection
	GlobalSection(SolutionProperties) = preSolution
		HideSolutionNode = FALSE
	EndGlobalSection
	GlobalSection(ExtensibilityGlobals) = postSolution
		SolutionGuid = {800BE00C-2DDB-4900-AAE8-C21293169BA4}
	EndGlobalSection
EndGlobal
